
Microsoft Visual Studio Solution File, Format Version 12.00
# Visual Studio Version 16
VisualStudioVersion = 16.0.29123.88
MinimumVisualStudioVersion = 10.0.40219.1
Project("{2150E333-8FDC-42A3-9474-1A3956D46DE8}") = "Solution Items", "Solution Items", "{E1ED7C23-0571-432F-8213-3BBA56EB2A4A}"
	ProjectSection(SolutionItems) = preProject
		About Us.html = About Us.html
		index.html = index.html
		set up.html = set up.html
	EndProjectSection
EndProject
Global
	GlobalSection(SolutionProperties) = preSolution
		HideSolutionNode = FALSE
	EndGlobalSection
	GlobalSection(ExtensibilityGlobals) = postSolution
		SolutionGuid = {DE7A489C-485A-49EE-9E60-6AE6012CDDE8}
	EndGlobalSection
EndGlobal
